[[tools.go]]
version = "1.25.5"
backend = "core:go"
"platforms.linux-arm64" = { checksum = "sha256:b00b694903d126c588c378e72d3545549935d3982635ba3f7a964c9fa23fe3b9", url = "https://dl.google.com/go/go1.25.5.linux-arm64.tar.gz"}
"platforms.linux-x64" = { checksum = "sha256:9e9b755d63b36acf30c12a9a3fc379243714c1c6d3dd72861da637f336ebb35b", url = "https://dl.google.com/go/go1.25.5.linux-amd64.tar.gz"}
"platforms.macos-arm64" = { checksum = "sha256:bed8ebe824e3d3b27e8471d1307f803fc6ab8e1d0eb7a4ae196979bd9b801dd3", url = "https://dl.google.com/go/go1.25.5.darwin-arm64.tar.gz"}
"platforms.macos-x64" = { checksum = "sha256:b69d51bce599e5381a94ce15263ae644ec84667a5ce23d58dc2e63e2c12a9f56", url = "https://dl.google.com/go/go1.25.5.darwin-amd64.tar.gz"}
"platforms.windows-x64" = { checksum = "sha256:ae756cce1cb80c819b4fe01b0353807178f532211b47f72d7fa77949de054ebb", url = "https://dl.google.com/go/go1.25.5.windows-amd64.zip"}

[[tools."go:github.com/nikolaydubina/go-cover-treemap"]]
version = "1.5.1"
backend = "go:github.com/nikolaydubina/go-cover-treemap"

[[tools.golangci-lint]]
version = "2.5.0"
backend = "aqua:golangci/golangci-lint"
"platforms.linux-arm64" = { checksum = "sha256:48693a98a7f4556d1117300aae240d0fe483df8d6f36dfaba56504626101a66e", url = "https://github.com/golangci/golangci-lint/releases/download/v2.5.0/golangci-lint-2.5.0-linux-arm64.tar.gz"}
"platforms.linux-x64" = { checksum = "sha256:c77313a77e19b06123962c411d9943cc0d092bbec76b956104d18964e274902e", url = "https://github.com/golangci/golangci-lint/releases/download/v2.5.0/golangci-lint-2.5.0-linux-amd64.tar.gz"}
"platforms.macos-arm64" = { checksum = "sha256:0b3cbdc2a2472f60b538ebccb1b2e1ae5d938a051c010591aa68c6efd3706672", url = "https://github.com/golangci/golangci-lint/releases/download/v2.5.0/golangci-lint-2.5.0-darwin-arm64.tar.gz"}
"platforms.macos-x64" = { checksum = "sha256:a7e684872b00637d642d088dde783c1b871161a92678fcf13d07abe6b5c32e36", url = "https://github.com/golangci/golangci-lint/releases/download/v2.5.0/golangci-lint-2.5.0-darwin-amd64.tar.gz"}
"platforms.windows-x64" = { checksum = "sha256:8d37563c2549e38135eac46e778164d2c5b1e96b9211f2087814d74ca0f358a8", url = "https://github.com/golangci/golangci-lint/releases/download/v2.5.0/golangci-lint-2.5.0-windows-amd64.zip"}
